
Microsoft Visual Studio Solution File, Format Version 12.00
Project("{FAE04EC0-301F-11D3-BF4B-00C04F79EFBC}") = "PracticingAbstraction", "PracticingAbstraction\PracticingAbstraction.csproj", "{A139FC9C-752B-4DE5-9192-F677F9BA5151}"
EndProject
Global
	GlobalSection(SolutionConfigurationPlatforms) = preSolution
		Debug|Any CPU = Debug|Any CPU
		Release|Any CPU = Release|Any CPU
	EndGlobalSection
	GlobalSection(ProjectConfigurationPlatforms) = postSolution
		{A139FC9C-752B-4DE5-9192-F677F9BA5151}.Debug|Any CPU.ActiveCfg = Debug|Any CPU
		{A139FC9C-752B-4DE5-9192-F677F9BA5151}.Debug|Any CPU.Build.0 = Debug|Any CPU
		{A139FC9C-752B-4DE5-9192-F677F9BA5151}.Release|Any CPU.ActiveCfg = Release|Any CPU
		{A139FC9C-752B-4DE5-9192-F677F9BA5151}.Release|Any CPU.Build.0 = Release|Any CPU
	EndGlobalSection
EndGlobal
